
Microsoft Visual Studio Solution File, Format Version 12.00
# Visual Studio Version 17
VisualStudioVersion = 17.14.36518.9 d17.14
MinimumVisualStudioVersion = 10.0.40219.1
Project("{FAE04EC0-301F-11D3-BF4B-00C04F79EFBC}") = "Beckamo", "Beckamo.csproj", "{83FA29B9-CCE8-4CD4-9B8F-41DB45592713}"
EndProject
Global
	GlobalSection(SolutionConfigurationPlatforms) = preSolution
		Debug|Any CPU = Debug|Any CPU
		Release|Any CPU = Release|Any CPU
	EndGlobalSection
	GlobalSection(ProjectConfigurationPlatforms) = postSolution
		{83FA29B9-CCE8-4CD4-9B8F-41DB45592713}.Debug|Any CPU.ActiveCfg = Debug|Any CPU
		{83FA29B9-CCE8-4CD4-9B8F-41DB45592713}.Debug|Any CPU.Build.0 = Debug|Any CPU
		{83FA29B9-CCE8-4CD4-9B8F-41DB45592713}.Release|Any CPU.ActiveCfg = Release|Any CPU
		{83FA29B9-CCE8-4CD4-9B8F-41DB45592713}.Release|Any CPU.Build.0 = Release|Any CPU
	EndGlobalSection
	GlobalSection(SolutionProperties) = preSolution
		HideSolutionNode = FALSE
	EndGlobalSection
	GlobalSection(ExtensibilityGlobals) = postSolution
		SolutionGuid = {C3A093E4-87E1-42C3-89F2-E7FF90E39972}
	EndGlobalSection
EndGlobal
